
Microsoft Visual Studio Solution File, Format Version 12.00
# Visual Studio Version 16
VisualStudioVersion = 16.0.30907.101
MinimumVisualStudioVersion = 10.0.40219.1
Project("{FAE04EC0-301F-11D3-BF4B-00C04F79EFBC}") = "FileWriter - Katharine Wunderle", "FileWriter - Katharine Wunderle.csproj", "{3FAB8A38-5E73-4A76-849F-BEA9EB21CA83}"
EndProject
Global
	GlobalSection(SolutionConfigurationPlatforms) = preSolution
		Debug|Any CPU = Debug|Any CPU
		Release|Any CPU = Release|Any CPU
	EndGlobalSection
	GlobalSection(ProjectConfigurationPlatforms) = postSolution
		{3FAB8A38-5E73-4A76-849F-BEA9EB21CA83}.Debug|Any CPU.ActiveCfg = Debug|Any CPU
		{3FAB8A38-5E73-4A76-849F-BEA9EB21CA83}.Debug|Any CPU.Build.0 = Debug|Any CPU
		{3FAB8A38-5E73-4A76-849F-BEA9EB21CA83}.Release|Any CPU.ActiveCfg = Release|Any CPU
		{3FAB8A38-5E73-4A76-849F-BEA9EB21CA83}.Release|Any CPU.Build.0 = Release|Any CPU
	EndGlobalSection
	GlobalSection(SolutionProperties) = preSolution
		HideSolutionNode = FALSE
	EndGlobalSection
	GlobalSection(ExtensibilityGlobals) = postSolution
		SolutionGuid = {39105212-5CAF-4E75-8F41-9AE604485D0E}
	EndGlobalSection
EndGlobal
